
Microsoft Visual Studio Solution File, Format Version 12.00
# Visual Studio 15
VisualStudioVersion = 15.0.28307.852
MinimumVisualStudioVersion = 10.0.40219.1
Project("{FAE04EC0-301F-11D3-BF4B-00C04F79EFBC}") = "API.CMV.CUENTAS.HABERES", "API.CMV.CUENTAS.HABERES\API.CMV.CUENTAS.HABERES.csproj", "{813F417A-B95F-4F0A-A526-FEADA6D56B4E}"
EndProject
Global
	GlobalSection(SolutionConfigurationPlatforms) = preSolution
		Debug|Any CPU = Debug|Any CPU
		Release|Any CPU = Release|Any CPU
	EndGlobalSection
	GlobalSection(ProjectConfigurationPlatforms) = postSolution
		{813F417A-B95F-4F0A-A526-FEADA6D56B4E}.Debug|Any CPU.ActiveCfg = Debug|Any CPU
		{813F417A-B95F-4F0A-A526-FEADA6D56B4E}.Debug|Any CPU.Build.0 = Debug|Any CPU
		{813F417A-B95F-4F0A-A526-FEADA6D56B4E}.Release|Any CPU.ActiveCfg = Release|Any CPU
		{813F417A-B95F-4F0A-A526-FEADA6D56B4E}.Release|Any CPU.Build.0 = Release|Any CPU
	EndGlobalSection
	GlobalSection(SolutionProperties) = preSolution
		HideSolutionNode = FALSE
	EndGlobalSection
	GlobalSection(ExtensibilityGlobals) = postSolution
		SolutionGuid = {01FDCF4D-2127-416F-95A8-1854BF78F640}
	EndGlobalSection
EndGlobal
